// !$*UTF8*$!
{
	archiveVersion = 1;
	classes = {
	};
	objectVersion = 55;
	objects = {

/* Begin PBXBuildFile section */
		DBD97383293024640012A879 /* AppDelegate.swift in Sources */ = {isa = PBXBuildFile; fileRef = DBD97382293024640012A879 /* AppDelegate.swift */; };
		DBD97385293024640012A879 /* SceneDelegate.swift in Sources */ = {isa = PBXBuildFile; fileRef = DBD97384293024640012A879 /* SceneDelegate.swift */; };
		DBD97387293024640012A879 /* VideoListViewController.swift in Sources */ = {isa = PBXBuildFile; fileRef = DBD97386293024640012A879 /* VideoListViewController.swift */; };
		DBD9738C293024660012A879 /* Assets.xcassets in Resources */ = {isa = PBXBuildFile; fileRef = DBD9738B293024660012A879 /* Assets.xcassets */; };
		DBD9738F293024660012A879 /* LaunchScreen.storyboard in Resources */ = {isa = PBXBuildFile; fileRef = DBD9738D293024660012A879 /* LaunchScreen.storyboard */; };
		DBD973982930A9E50012A879 /* Video.swift in Sources */ = {isa = PBXBuildFile; fileRef = DBD973972930A9E50012A879 /* Video.swift */; };
		DBD9739C2930AAB10012A879 /* Constants.swift in Sources */ = {isa = PBXBuildFile; fileRef = DBD9739B2930AAB10012A879 /* Constants.swift */; };
		DBD973A12930B9CE0012A879 /* VideoCell.swift in Sources */ = {isa = PBXBuildFile; fileRef = DBD973A02930B9CE0012A879 /* VideoCell.swift */; };
		DBD973A32930BF0B0012A879 /* VideosViewModel.swift in Sources */ = {isa = PBXBuildFile; fileRef = DBD973A22930BF0B0012A879 /* VideosViewModel.swift */; };
/* End PBXBuildFile section */

/* Begin PBXFileReference section */
		DBD9737F293024640012A879 /* TableViewWithCustomCell.app */ = {isa = PBXFileReference; explicitFileType = wrapper.application; includeInIndex = 0; path = TableViewWithCustomCell.app; sourceTree = BUILT_PRODUCTS_DIR; };
		DBD97382293024640012A879 /* AppDelegate.swift */ = {isa = PBXFileReference; lastKnownFileType = sourcecode.swift; path = AppDelegate.swift; sourceTree = "<group>"; };
		DBD97384293024640012A879 /* SceneDelegate.swift */ = {isa = PBXFileReference; lastKnownFileType = sourcecode.swift; path = SceneDelegate.swift; sourceTree = "<group>"; };
		DBD97386293024640012A879 /* VideoListViewController.swift */ = {isa = PBXFileReference; lastKnownFileType = sourcecode.swift; path = VideoListViewController.swift; sourceTree = "<group>"; };
		DBD9738B293024660012A879 /* Assets.xcassets */ = {isa = PBXFileReference; lastKnownFileType = folder.assetcatalog; path = Assets.xcassets; sourceTree = "<group>"; };
		DBD9738E293024660012A879 /* Base */ = {isa = PBXFileReference; lastKnownFileType = file.storyboard; name = Base; path = Base.lproj/LaunchScreen.storyboard; sourceTree = "<group>"; };
		DBD97390293024660012A879 /* Info.plist */ = {isa = PBXFileReference; lastKnownFileType = text.plist.xml; path = Info.plist; sourceTree = "<group>"; };
		DBD973972930A9E50012A879 /* Video.swift */ = {isa = PBXFileReference; lastKnownFileType = sourcecode.swift; path = Video.swift; sourceTree = "<group>"; };
		DBD9739B2930AAB10012A879 /* Constants.swift */ = {isa = PBXFileReference; lastKnownFileType = sourcecode.swift; path = Constants.swift; sourceTree = "<group>"; };
		DBD973A02930B9CE0012A879 /* VideoCell.swift */ = {isa = PBXFileReference; lastKnownFileType = sourcecode.swift; path = VideoCell.swift; sourceTree = "<group>"; };
		DBD973A22930BF0B0012A879 /* VideosViewModel.swift */ = {isa = PBXFileReference; lastKnownFileType = sourcecode.swift; path = VideosViewModel.swift; sourceTree = "<group>"; };
/* End PBXFileReference section */

/* Begin PBXFrameworksBuildPhase section */
		DBD9737C293024640012A879 /* Frameworks */ = {
			isa = PBXFrameworksBuildPhase;
			buildActionMask = 2147483647;
			files = (
			);
			runOnlyForDeploymentPostprocessing = 0;
		};
/* End PBXFrameworksBuildPhase section */

/* Begin PBXGroup section */
		DBD97376293024640012A879 = {
			isa = PBXGroup;
			children = (
				DBD97381293024640012A879 /* TableViewWithCustomCell */,
				DBD97380293024640012A879 /* Products */,
			);
			sourceTree = "<group>";
		};
		DBD97380293024640012A879 /* Products */ = {
			isa = PBXGroup;
			children = (
				DBD9737F293024640012A879 /* TableViewWithCustomCell.app */,
			);
			name = Products;
			sourceTree = "<group>";
		};
		DBD97381293024640012A879 /* TableViewWithCustomCell */ = {
			isa = PBXGroup;
			children = (
				DBD973962930A9D10012A879 /* Models */,
				DBD9739D2930AB880012A879 /* Views */,
				DBD9739F2930AC670012A879 /* ViewControllers */,
				DBD9739E2930AB9B0012A879 /* ViewModels */,
				DBD9739A2930AA9F0012A879 /* Utilities */,
				DBD973992930AA3B0012A879 /* Supporting */,
				DBD97390293024660012A879 /* Info.plist */,
			);
			path = TableViewWithCustomCell;
			sourceTree = "<group>";
		};
		DBD973962930A9D10012A879 /* Models */ = {
			isa = PBXGroup;
			children = (
				DBD973972930A9E50012A879 /* Video.swift */,
			);
			path = Models;
			sourceTree = "<group>";
		};
		DBD973992930AA3B0012A879 /* Supporting */ = {
			isa = PBXGroup;
			children = (
				DBD9738D293024660012A879 /* LaunchScreen.storyboard */,
				DBD9738B293024660012A879 /* Assets.xcassets */,
				DBD97384293024640012A879 /* SceneDelegate.swift */,
				DBD97382293024640012A879 /* AppDelegate.swift */,
			);
			path = Supporting;
			sourceTree = "<group>";
		};
		DBD9739A2930AA9F0012A879 /* Utilities */ = {
			isa = PBXGroup;
			children = (
				DBD9739B2930AAB10012A879 /* Constants.swift */,
			);
			path = Utilities;
			sourceTree = "<group>";
		};
		DBD9739D2930AB880012A879 /* Views */ = {
			isa = PBXGroup;
			children = (
				DBD973A02930B9CE0012A879 /* VideoCell.swift */,
			);
			path = Views;
			sourceTree = "<group>";
		};
		DBD9739E2930AB9B0012A879 /* ViewModels */ = {
			isa = PBXGroup;
			children = (
				DBD973A22930BF0B0012A879 /* VideosViewModel.swift */,
			);
			path = ViewModels;
			sourceTree = "<group>";
		};
		DBD9739F2930AC670012A879 /* ViewControllers */ = {
			isa = PBXGroup;
			children = (
				DBD97386293024640012A879 /* VideoListViewController.swift */,
			);
			path = ViewControllers;
			sourceTree = "<group>";
		};
/* End PBXGroup section */

/* Begin PBXNativeTarget section */
		DBD9737E293024640012A879 /* TableViewWithCustomCell */ = {
			isa = PBXNativeTarget;
			buildConfigurationList = DBD97393293024660012A879 /* Build configuration list for PBXNativeTarget "TableViewWithCustomCell" */;
			buildPhases = (
				DBD9737B293024640012A879 /* Sources */,
				DBD9737C293024640012A879 /* Frameworks */,
				DBD9737D293024640012A879 /* Resources */,
			);
			buildRules = (
			);
			dependencies = (
			);
			name = TableViewWithCustomCell;
			productName = TableViewWithCustomCell;
			productReference = DBD9737F293024640012A879 /* TableViewWithCustomCell.app */;
			productType = "com.apple.product-type.application";
		};
/* End PBXNativeTarget section */

/* Begin PBXProject section */
		DBD97377293024640012A879 /* Project object */ = {
			isa = PBXProject;
			attributes = {
				BuildIndependentTargetsInParallel = 1;
				LastSwiftUpdateCheck = 1320;
				LastUpgradeCheck = 1320;
				TargetAttributes = {
					DBD9737E293024640012A879 = {
						CreatedOnToolsVersion = 13.2.1;
					};
				};
			};
			buildConfigurationList = DBD9737A293024640012A879 /* Build configuration list for PBXProject "TableViewWithCustomCell" */;
			compatibilityVersion = "Xcode 13.0";
			developmentRegion = en;
			hasScannedForEncodings = 0;
			knownRegions = (
				en,
				Base,
			);
			mainGroup = DBD97376293024640012A879;
			productRefGroup = DBD97380293024640012A879 /* Products */;
			projectDirPath = "";
			projectRoot = "";
			targets = (
				DBD9737E293024640012A879 /* TableViewWithCustomCell */,
			);
		};
/* End PBXProject section */

/* Begin PBXResourcesBuildPhase section */
		DBD9737D293024640012A879 /* Resources */ = {
			isa = PBXResourcesBuildPhase;
			buildActionMask = 2147483647;
			files = (
				DBD9738F293024660012A879 /* LaunchScreen.storyboard in Resources */,
				DBD9738C293024660012A879 /* Assets.xcassets in Resources */,
			);
			runOnlyForDeploymentPostprocessing = 0;
		};
/* End PBXResourcesBuildPhase section */

/* Begin PBXSourcesBuildPhase section */
		DBD9737B293024640012A879 /* Sources */ = {
			isa = PBXSourcesBuildPhase;
			buildActionMask = 2147483647;
			files = (
				DBD9739C2930AAB10012A879 /* Constants.swift in Sources */,
				DBD97387293024640012A879 /* VideoListViewController.swift in Sources */,
				DBD973982930A9E50012A879 /* Video.swift in Sources */,
				DBD97383293024640012A879 /* AppDelegate.swift in Sources */,
				DBD97385293024640012A879 /* SceneDelegate.swift in Sources */,
				DBD973A32930BF0B0012A879 /* VideosViewModel.swift in Sources */,
				DBD973A12930B9CE0012A879 /* VideoCell.swift in Sources */,
			);
			runOnlyForDeploymentPostprocessing = 0;
		};
/* End PBXSourcesBuildPhase section */

/* Begin PBXVariantGroup section */
		DBD9738D293024660012A879 /* LaunchScreen.storyboard */ = {
			isa = PBXVariantGroup;
			children = (
				DBD9738E293024660012A879 /* Base */,
			);
			name = LaunchScreen.storyboard;
			sourceTree = "<group>";
		};
/* End PBXVariantGroup section */

/* Begin XCBuildConfiguration section */
		DBD97391293024660012A879 /* Debug */ = {
			isa = XCBuildConfiguration;
			buildSettings = {
				ALWAYS_SEARCH_USER_PATHS = NO;
				CLANG_ANALYZER_NONNULL = YES;
				CLANG_ANALYZER_NUMBER_OBJECT_CONVERSION = YES_AGGRESSIVE;
				CLANG_CXX_LANGUAGE_STANDARD = "gnu++17";
				CLANG_CXX_LIBRARY = "libc++";
				CLANG_ENABLE_MODULES = YES;
				CLANG_ENABLE_OBJC_ARC = YES;
				CLANG_ENABLE_OBJC_WEAK = YES;
				CLANG_WARN_BLOCK_CAPTURE_AUTORELEASING = YES;
				CLANG_WARN_BOOL_CONVERSION = YES;
				CLANG_WARN_COMMA = YES;
				CLANG_WARN_CONSTANT_CONVERSION = YES;
				CLANG_WARN_DEPRECATED_OBJC_IMPLEMENTATIONS = YES;
				CLANG_WARN_DIRECT_OBJC_ISA_USAGE = YES_ERROR;
				CLANG_WARN_DOCUMENTATION_COMMENTS = YES;
				CLANG_WARN_EMPTY_BODY = YES;
				CLANG_WARN_ENUM_CONVERSION = YES;
				CLANG_WARN_INFINITE_RECURSION = YES;
				CLANG_WARN_INT_CONVERSION = YES;
				CLANG_WARN_NON_LITERAL_NULL_CONVERSION = YES;
				CLANG_WARN_OBJC_IMPLICIT_RETAIN_SELF = YES;
				CLANG_WARN_OBJC_LITERAL_CONVERSION = YES;
				CLANG_WARN_OBJC_ROOT_CLASS = YES_ERROR;
				CLANG_WARN_QUOTED_INCLUDE_IN_FRAMEWORK_HEADER = YES;
				CLANG_WARN_RANGE_LOOP_ANALYSIS = YES;
				CLANG_WARN_STRICT_PROTOTYPES = YES;
				CLANG_WARN_SUSPICIOUS_MOVE = YES;
				CLANG_WARN_UNGUARDED_AVAILABILITY = YES_AGGRESSIVE;
				CLANG_WARN_UNREACHABLE_CODE = YES;
				CLANG_WARN__DUPLICATE_METHOD_MATCH = YES;
				COPY_PHASE_STRIP = NO;
				DEBUG_INFORMATION_FORMAT = dwarf;
				ENABLE_STRICT_OBJC_MSGSEND = YES;
				ENABLE_TESTABILITY = YES;
				GCC_C_LANGUAGE_STANDARD = gnu11;
				GCC_DYNAMIC_NO_PIC = NO;
				GCC_NO_COMMON_BLOCKS = YES;
				GCC_OPTIMIZATION_LEVEL = 0;
				GCC_PREPROCESSOR_DEFINITIONS = (
					"DEBUG=1",
					"$(inherited)",
				);
				GCC_WARN_64_TO_32_BIT_CONVERSION = YES;
				GCC_WARN_ABOUT_RETURN_TYPE = YES_ERROR;
				GCC_WARN_UNDECLARED_SELECTOR = YES;
				GCC_WARN_UNINITIALIZED_AUTOS = YES_AGGRESSIVE;
				GCC_WARN_UNUSED_FUNCTION = YES;
				GCC_WARN_UNUSED_VARIABLE = YES;
				IPHONEOS_DEPLOYMENT_TARGET = 15.2;
				MTL_ENABLE_DEBUG_INFO = INCLUDE_SOURCE;
				MTL_FAST_MATH = YES;
				ONLY_ACTIVE_ARCH = YES;
				SDKROOT = iphoneos;
				SWIFT_ACTIVE_COMPILATION_CONDITIONS = DEBUG;
				SWIFT_OPTIMIZATION_LEVEL = "-Onone";
			};
			name = Debug;
		};
		DBD97392293024660012A879 /* Release */ = {
			isa = XCBuildConfiguration;
			buildSettings = {
				ALWAYS_SEARCH_USER_PATHS = NO;
				CLANG_ANALYZER_NONNULL = YES;
				CLANG_ANALYZER_NUMBER_OBJECT_CONVERSION = YES_AGGRESSIVE;
				CLANG_CXX_LANGUAGE_STANDARD = "gnu++17";
				CLANG_CXX_LIBRARY = "libc++";
				CLANG_ENABLE_MODULES = YES;
				CLANG_ENABLE_OBJC_ARC = YES;
				CLANG_ENABLE_OBJC_WEAK = YES;
				CLANG_WARN_BLOCK_CAPTURE_AUTORELEASING = YES;
				CLANG_WARN_BOOL_CONVERSION = YES;
				CLANG_WARN_COMMA = YES;
				CLANG_WARN_CONSTANT_CONVERSION = YES;
				CLANG_WARN_DEPRECATED_OBJC_IMPLEMENTATIONS = YES;
				CLANG_WARN_DIRECT_OBJC_ISA_USAGE = YES_ERROR;
				CLANG_WARN_DOCUMENTATION_COMMENTS = YES;
				CLANG_WARN_EMPTY_BODY = YES;
				CLANG_WARN_ENUM_CONVERSION = YES;
				CLANG_WARN_INFINITE_RECURSION = YES;
				CLANG_WARN_INT_CONVERSION = YES;
				CLANG_WARN_NON_LITERAL_NULL_CONVERSION = YES;
				CLANG_WARN_OBJC_IMPLICIT_RETAIN_SELF = YES;
				CLANG_WARN_OBJC_LITERAL_CONVERSION = YES;
				CLANG_WARN_OBJC_ROOT_CLASS = YES_ERROR;
				CLANG_WARN_QUOTED_INCLUDE_IN_FRAMEWORK_HEADER = YES;
				CLANG_WARN_RANGE_LOOP_ANALYSIS = YES;
				CLANG_WARN_STRICT_PROTOTYPES = YES;
				CLANG_WARN_SUSPICIOUS_MOVE = YES;
				CLANG_WARN_UNGUARDED_AVAILABILITY = YES_AGGRESSIVE;
				CLANG_WARN_UNREACHABLE_CODE = YES;
				CLANG_WARN__DUPLICATE_METHOD_MATCH = YES;
				COPY_PHASE_STRIP = NO;
				DEBUG_INFORMATION_FORMAT = "dwarf-with-dsym";
				ENABLE_NS_ASSERTIONS = NO;
				ENABLE_STRICT_OBJC_MSGSEND = YES;
				GCC_C_LANGUAGE_STANDARD = gnu11;
				GCC_NO_COMMON_BLOCKS = YES;
				GCC_WARN_64_TO_32_BIT_CONVERSION = YES;
				GCC_WARN_ABOUT_RETURN_TYPE = YES_ERROR;
				GCC_WARN_UNDECLARED_SELECTOR = YES;
				GCC_WARN_UNINITIALIZED_AUTOS = YES_AGGRESSIVE;
				GCC_WARN_UNUSED_FUNCTION = YES;
				GCC_WARN_UNUSED_VARIABLE = YES;
				IPHONEOS_DEPLOYMENT_TARGET = 15.2;
				MTL_ENABLE_DEBUG_INFO = NO;
				MTL_FAST_MATH = YES;
				SDKROOT = iphoneos;
				SWIFT_COMPILATION_MODE = wholemodule;
				SWIFT_OPTIMIZATION_LEVEL = "-O";
				VALIDATE_PRODUCT = YES;
			};
			name = Release;
		};
		DBD97394293024660012A879 /* Debug */ = {
			isa = XCBuildConfiguration;
			buildSettings = {
				ASSETCATALOG_COMPILER_APPICON_NAME = AppIcon;
				ASSETCATALOG_COMPILER_GLOBAL_ACCENT_COLOR_NAME = AccentColor;
				CODE_SIGN_STYLE = Automatic;
				CURRENT_PROJECT_VERSION = 1;
				DEVELOPMENT_TEAM = UNF3HFBN85;
				GENERATE_INFOPLIST_FILE = YES;
				INFOPLIST_FILE = TableViewWithCustomCell/Info.plist;
				INFOPLIST_KEY_UIApplicationSupportsIndirectInputEvents = YES;
				INFOPLIST_KEY_UILaunchStoryboardName = LaunchScreen;
				INFOPLIST_KEY_UISupportedInterfaceOrientations_iPad = "UIInterfaceOrientationPortrait UIInterfaceOrientationPortraitUpsideDown UIInterfaceOrientationLandscapeLeft UIInterfaceOrientationLandscapeRight";
				INFOPLIST_KEY_UISupportedInterfaceOrientations_iPhone = "UIInterfaceOrientationPortrait UIInterfaceOrientationLandscapeLeft UIInterfaceOrientationLandscapeRight";
				LD_RUNPATH_SEARCH_PATHS = (
					"$(inherited)",
					"@executable_path/Frameworks",
				);
				MARKETING_VERSION = 1.0;
				PRODUCT_BUNDLE_IDENTIFIER = com.example.TableViewWithCustomCell;
				PRODUCT_NAME = "$(TARGET_NAME)";
				SWIFT_EMIT_LOC_STRINGS = YES;
				SWIFT_VERSION = 5.0;
				TARGETED_DEVICE_FAMILY = "1,2";
			};
			name = Debug;
		};
		DBD97395293024660012A879 /* Release */ = {
			isa = XCBuildConfiguration;
			buildSettings = {
				ASSETCATALOG_COMPILER_APPICON_NAME = AppIcon;
				ASSETCATALOG_COMPILER_GLOBAL_ACCENT_COLOR_NAME = AccentColor;
				CODE_SIGN_STYLE = Automatic;
				CURRENT_PROJECT_VERSION = 1;
				DEVELOPMENT_TEAM = UNF3HFBN85;
				GENERATE_INFOPLIST_FILE = YES;
				INFOPLIST_FILE = TableViewWithCustomCell/Info.plist;
				INFOPLIST_KEY_UIApplicationSupportsIndirectInputEvents = YES;
				INFOPLIST_KEY_UILaunchStoryboardName = LaunchScreen;
				INFOPLIST_KEY_UISupportedInterfaceOrientations_iPad = "UIInterfaceOrientationPortrait UIInterfaceOrientationPortraitUpsideDown UIInterfaceOrientationLandscapeLeft UIInterfaceOrientationLandscapeRight";
				INFOPLIST_KEY_UISupportedInterfaceOrientations_iPhone = "UIInterfaceOrientationPortrait UIInterfaceOrientationLandscapeLeft UIInterfaceOrientationLandscapeRight";
				LD_RUNPATH_SEARCH_PATHS = (
					"$(inherited)",
					"@executable_path/Frameworks",
				);
				MARKETING_VERSION = 1.0;
				PRODUCT_BUNDLE_IDENTIFIER = com.example.TableViewWithCustomCell;
				PRODUCT_NAME = "$(TARGET_NAME)";
				SWIFT_EMIT_LOC_STRINGS = YES;
				SWIFT_VERSION = 5.0;
				TARGETED_DEVICE_FAMILY = "1,2";
			};
			name = Release;
		};
/* End XCBuildConfiguration section */

/* Begin XCConfigurationList section */
		DBD9737A293024640012A879 /* Build configuration list for PBXProject "TableViewWithCustomCell" */ = {
			isa = XCConfigurationList;
			buildConfigurations = (
				DBD97391293024660012A879 /* Debug */,
				DBD97392293024660012A879 /* Release */,
			);
			defaultConfigurationIsVisible = 0;
			defaultConfigurationName = Release;
		};
		DBD97393293024660012A879 /* Build configuration list for PBXNativeTarget "TableViewWithCustomCell" */ = {
			isa = XCConfigurationList;
			buildConfigurations = (
				DBD97394293024660012A879 /* Debug */,
				DBD97395293024660012A879 /* Release */,
			);
			defaultConfigurationIsVisible = 0;
			defaultConfigurationName = Release;
		};
/* End XCConfigurationList section */
	};
	rootObject = DBD97377293024640012A879 /* Project object */;
}
